
Microsoft Visual Studio Solution File, Format Version 12.00
# Visual Studio Version 17
VisualStudioVersion = 17.4.33213.308
MinimumVisualStudioVersion = 10.0.40219.1
Project("{FAE04EC0-301F-11D3-BF4B-00C04F79EFBC}") = "ZadachaZaIzpitvane21.2.23", "ZadachaZaIzpitvane21.2.23.csproj", "{E473F3BF-407B-4261-ABB4-47289DE932B6}"
EndProject
Global
	GlobalSection(SolutionConfigurationPlatforms) = preSolution
		Debug|Any CPU = Debug|Any CPU
		Release|Any CPU = Release|Any CPU
	EndGlobalSection
	GlobalSection(ProjectConfigurationPlatforms) = postSolution
		{E473F3BF-407B-4261-ABB4-47289DE932B6}.Debug|Any CPU.ActiveCfg = Debug|Any CPU
		{E473F3BF-407B-4261-ABB4-47289DE932B6}.Debug|Any CPU.Build.0 = Debug|Any CPU
		{E473F3BF-407B-4261-ABB4-47289DE932B6}.Release|Any CPU.ActiveCfg = Release|Any CPU
		{E473F3BF-407B-4261-ABB4-47289DE932B6}.Release|Any CPU.Build.0 = Release|Any CPU
	EndGlobalSection
	GlobalSection(SolutionProperties) = preSolution
		HideSolutionNode = FALSE
	EndGlobalSection
	GlobalSection(ExtensibilityGlobals) = postSolution
		SolutionGuid = {61839FD2-EE8F-4CF9-9AC5-BD982FAEBF22}
	EndGlobalSection
EndGlobal
